
Microsoft Visual Studio Solution File, Format Version 12.00
# Visual Studio Version 17
VisualStudioVersion = 17.9.34607.119
MinimumVisualStudioVersion = 10.0.40219.1
Project("{FAE04EC0-301F-11D3-BF4B-00C04F79EFBC}") = "EFCore_Configurations", "EFCore_Configurations\EFCore_Configurations.csproj", "{B8BB14AF-CD12-436C-A7B0-1ADE746B5F73}"
EndProject
Global
	GlobalSection(SolutionConfigurationPlatforms) = preSolution
		Debug|Any CPU = Debug|Any CPU
		Release|Any CPU = Release|Any CPU
	EndGlobalSection
	GlobalSection(ProjectConfigurationPlatforms) = postSolution
		{B8BB14AF-CD12-436C-A7B0-1ADE746B5F73}.Debug|Any CPU.ActiveCfg = Debug|Any CPU
		{B8BB14AF-CD12-436C-A7B0-1ADE746B5F73}.Debug|Any CPU.Build.0 = Debug|Any CPU
		{B8BB14AF-CD12-436C-A7B0-1ADE746B5F73}.Release|Any CPU.ActiveCfg = Release|Any CPU
		{B8BB14AF-CD12-436C-A7B0-1ADE746B5F73}.Release|Any CPU.Build.0 = Release|Any CPU
	EndGlobalSection
	GlobalSection(SolutionProperties) = preSolution
		HideSolutionNode = FALSE
	EndGlobalSection
	GlobalSection(ExtensibilityGlobals) = postSolution
		SolutionGuid = {C01C3EFF-199D-4143-B126-B8579F859E91}
	EndGlobalSection
EndGlobal
